
Microsoft Visual Studio Solution File, Format Version 12.00
# Visual Studio 15
VisualStudioVersion = 15.0.28307.136
MinimumVisualStudioVersion = 10.0.40219.1
Project("{2150E333-8FDC-42A3-9474-1A3956D46DE8}") = "Day1", "Day1", "{5F116A97-EB5E-49E4-A7C2-D485062A5E33}"
EndProject
Project("{9A19103F-16F7-4668-BE54-9A1E7A4F7556}") = "AoC.Day1", "AoC.Day1\AoC.Day1.csproj", "{672BFB6A-702B-421B-8143-19C0A6599031}"
EndProject
Project("{2150E333-8FDC-42A3-9474-1A3956D46DE8}") = ".Items", ".Items", "{92B10E5D-A110-41AC-9991-EC0ECE0CE396}"
	ProjectSection(SolutionItems) = preProject
		.gitignore = .gitignore
		README.md = README.md
	EndProjectSection
EndProject
Project("{2150E333-8FDC-42A3-9474-1A3956D46DE8}") = "Day2", "Day2", "{0CA77E2B-F2F4-4B6F-AAA0-672F9A492D84}"
EndProject
Project("{9A19103F-16F7-4668-BE54-9A1E7A4F7556}") = "AoC.Day2", "AoC.Day2\AoC.Day2.csproj", "{A4012450-9685-407C-8B48-DCBA7FF29D69}"
EndProject
Project("{9A19103F-16F7-4668-BE54-9A1E7A4F7556}") = "AoC.Day3", "AoC.Day3\AoC.Day3.csproj", "{A8AAA35F-0AA1-4047-80D4-6211768F3E7A}"
EndProject
Global
	GlobalSection(SolutionConfigurationPlatforms) = preSolution
		Debug|Any CPU = Debug|Any CPU
		Release|Any CPU = Release|Any CPU
	EndGlobalSection
	GlobalSection(ProjectConfigurationPlatforms) = postSolution
		{672BFB6A-702B-421B-8143-19C0A6599031}.Debug|Any CPU.ActiveCfg = Debug|Any CPU
		{672BFB6A-702B-421B-8143-19C0A6599031}.Debug|Any CPU.Build.0 = Debug|Any CPU
		{672BFB6A-702B-421B-8143-19C0A6599031}.Release|Any CPU.ActiveCfg = Release|Any CPU
		{672BFB6A-702B-421B-8143-19C0A6599031}.Release|Any CPU.Build.0 = Release|Any CPU
		{A4012450-9685-407C-8B48-DCBA7FF29D69}.Debug|Any CPU.ActiveCfg = Debug|Any CPU
		{A4012450-9685-407C-8B48-DCBA7FF29D69}.Debug|Any CPU.Build.0 = Debug|Any CPU
		{A4012450-9685-407C-8B48-DCBA7FF29D69}.Release|Any CPU.ActiveCfg = Release|Any CPU
		{A4012450-9685-407C-8B48-DCBA7FF29D69}.Release|Any CPU.Build.0 = Release|Any CPU
		{A8AAA35F-0AA1-4047-80D4-6211768F3E7A}.Debug|Any CPU.ActiveCfg = Debug|Any CPU
		{A8AAA35F-0AA1-4047-80D4-6211768F3E7A}.Debug|Any CPU.Build.0 = Debug|Any CPU
		{A8AAA35F-0AA1-4047-80D4-6211768F3E7A}.Release|Any CPU.ActiveCfg = Release|Any CPU
		{A8AAA35F-0AA1-4047-80D4-6211768F3E7A}.Release|Any CPU.Build.0 = Release|Any CPU
	EndGlobalSection
	GlobalSection(SolutionProperties) = preSolution
		HideSolutionNode = FALSE
	EndGlobalSection
	GlobalSection(NestedProjects) = preSolution
		{672BFB6A-702B-421B-8143-19C0A6599031} = {5F116A97-EB5E-49E4-A7C2-D485062A5E33}
		{A4012450-9685-407C-8B48-DCBA7FF29D69} = {0CA77E2B-F2F4-4B6F-AAA0-672F9A492D84}
	EndGlobalSection
	GlobalSection(ExtensibilityGlobals) = postSolution
		SolutionGuid = {2199814A-278C-4298-A656-354949D93AE7}
	EndGlobalSection
EndGlobal
